
Microsoft Visual Studio Solution File, Format Version 12.00
Project("{FAE04EC0-301F-11D3-BF4B-00C04F79EFBC}") = "BibTool.Webserver", "BibTool.Webserver\BibTool.Webserver.csproj", "{D3930540-B34C-4CAF-866B-E2EA5CC7FEFE}"
EndProject
Project("{FAE04EC0-301F-11D3-BF4B-00C04F79EFBC}") = "BibTool.API", "BibTool.API\BibTool.API.csproj", "{2A6CC1D0-74D3-4383-AFD2-C09C0211C971}"
EndProject
Project("{FAE04EC0-301F-11D3-BF4B-00C04F79EFBC}") = "BibTool.Data", "BibTool.Data\BibTool.Data.csproj", "{B75E9B53-09EA-4FF5-877E-9CF03196B084}"
EndProject
Project("{FAE04EC0-301F-11D3-BF4B-00C04F79EFBC}") = "BibTool.Webserver2", "BibTool.Webserver2\BibTool.Webserver2.csproj", "{0B80C71C-4B5A-439C-B593-5F427BA79838}"
EndProject
Global
	GlobalSection(SolutionConfigurationPlatforms) = preSolution
		Debug|Any CPU = Debug|Any CPU
		Release|Any CPU = Release|Any CPU
	EndGlobalSection
	GlobalSection(ProjectConfigurationPlatforms) = postSolution
		{D3930540-B34C-4CAF-866B-E2EA5CC7FEFE}.Debug|Any CPU.ActiveCfg = Debug|Any CPU
		{D3930540-B34C-4CAF-866B-E2EA5CC7FEFE}.Debug|Any CPU.Build.0 = Debug|Any CPU
		{D3930540-B34C-4CAF-866B-E2EA5CC7FEFE}.Release|Any CPU.ActiveCfg = Release|Any CPU
		{D3930540-B34C-4CAF-866B-E2EA5CC7FEFE}.Release|Any CPU.Build.0 = Release|Any CPU
		{2A6CC1D0-74D3-4383-AFD2-C09C0211C971}.Debug|Any CPU.ActiveCfg = Debug|Any CPU
		{2A6CC1D0-74D3-4383-AFD2-C09C0211C971}.Debug|Any CPU.Build.0 = Debug|Any CPU
		{2A6CC1D0-74D3-4383-AFD2-C09C0211C971}.Release|Any CPU.ActiveCfg = Release|Any CPU
		{2A6CC1D0-74D3-4383-AFD2-C09C0211C971}.Release|Any CPU.Build.0 = Release|Any CPU
		{B75E9B53-09EA-4FF5-877E-9CF03196B084}.Debug|Any CPU.ActiveCfg = Debug|Any CPU
		{B75E9B53-09EA-4FF5-877E-9CF03196B084}.Debug|Any CPU.Build.0 = Debug|Any CPU
		{B75E9B53-09EA-4FF5-877E-9CF03196B084}.Release|Any CPU.ActiveCfg = Release|Any CPU
		{B75E9B53-09EA-4FF5-877E-9CF03196B084}.Release|Any CPU.Build.0 = Release|Any CPU
		{0B80C71C-4B5A-439C-B593-5F427BA79838}.Debug|Any CPU.ActiveCfg = Debug|Any CPU
		{0B80C71C-4B5A-439C-B593-5F427BA79838}.Debug|Any CPU.Build.0 = Debug|Any CPU
		{0B80C71C-4B5A-439C-B593-5F427BA79838}.Release|Any CPU.ActiveCfg = Release|Any CPU
		{0B80C71C-4B5A-439C-B593-5F427BA79838}.Release|Any CPU.Build.0 = Release|Any CPU
	EndGlobalSection
EndGlobal
